
Microsoft Visual Studio Solution File, Format Version 12.00
# Visual Studio 15
VisualStudioVersion = 15.0.28307.489
MinimumVisualStudioVersion = 10.0.40219.1
Project("{FAE04EC0-301F-11D3-BF4B-00C04F79EFBC}") = "Kalkulator", "Kalkulator\Kalkulator.csproj", "{4D6D667B-02D6-4D0A-A8D7-309FB5B5D832}"
EndProject
Global
	GlobalSection(SolutionConfigurationPlatforms) = preSolution
		Debug|Any CPU = Debug|Any CPU
		Release|Any CPU = Release|Any CPU
	EndGlobalSection
	GlobalSection(ProjectConfigurationPlatforms) = postSolution
		{4D6D667B-02D6-4D0A-A8D7-309FB5B5D832}.Debug|Any CPU.ActiveCfg = Debug|Any CPU
		{4D6D667B-02D6-4D0A-A8D7-309FB5B5D832}.Debug|Any CPU.Build.0 = Debug|Any CPU
		{4D6D667B-02D6-4D0A-A8D7-309FB5B5D832}.Release|Any CPU.ActiveCfg = Release|Any CPU
		{4D6D667B-02D6-4D0A-A8D7-309FB5B5D832}.Release|Any CPU.Build.0 = Release|Any CPU
	EndGlobalSection
	GlobalSection(SolutionProperties) = preSolution
		HideSolutionNode = FALSE
	EndGlobalSection
	GlobalSection(ExtensibilityGlobals) = postSolution
		SolutionGuid = {D4E79054-BA25-4F37-A1B9-05921D9A0EF1}
	EndGlobalSection
EndGlobal
